
Microsoft Visual Studio Solution File, Format Version 12.00
# Visual Studio Version 17
VisualStudioVersion = 17.5.002.0
MinimumVisualStudioVersion = 10.0.40219.1
Project("{9A19103F-16F7-4668-BE54-9A1E7A4F7556}") = "Day_01", "Day_01\Day_01.csproj", "{9743B9FA-7369-470B-8A86-8ED2CE447E86}"
EndProject
Project("{FAE04EC0-301F-11D3-BF4B-00C04F79EFBC}") = "Day_02", "Day_02\Day_02.csproj", "{63E19B69-EC20-41DB-AE52-67D1C24E54C9}"
EndProject
Project("{FAE04EC0-301F-11D3-BF4B-00C04F79EFBC}") = "Day_03", "Day_03\Day_03.csproj", "{8CAF0250-7CBD-4CE8-AE01-9236DED6B973}"
EndProject
Project("{FAE04EC0-301F-11D3-BF4B-00C04F79EFBC}") = "Day_02_Calculator", "Day_02_Calculator\Day_02_Calculator.csproj", "{0FA5DFCB-E560-44E5-93BA-CE40D9E54CDA}"
EndProject
Project("{FAE04EC0-301F-11D3-BF4B-00C04F79EFBC}") = "Day_02_Hewani", "Day_02_Hewani\Day_02_Hewani.csproj", "{BFC99D69-1C18-4385-AED2-7F8CE8141483}"
EndProject
Project("{2150E333-8FDC-42A3-9474-1A3956D46DE8}") = "Day01", "Day01", "{40EDA89F-1482-4FA9-B966-D88F0219A7EF}"
EndProject
Project("{2150E333-8FDC-42A3-9474-1A3956D46DE8}") = "Day02", "Day02", "{2C2D287F-AD83-4DCE-BA13-994CB6A6F5A7}"
EndProject
Project("{2150E333-8FDC-42A3-9474-1A3956D46DE8}") = "Day03", "Day03", "{6B964D9C-B08F-4042-8A28-B5D0D5642E03}"
EndProject
Project("{FAE04EC0-301F-11D3-BF4B-00C04F79EFBC}") = "Day_03_overriding", "Day_03_overriding\Day_03_overriding.csproj", "{B904162C-C003-4EE5-BAAC-8C4B870A77F9}"
EndProject
Project("{FAE04EC0-301F-11D3-BF4B-00C04F79EFBC}") = "Day_03_HidingMethod", "Day_03_HidingMethod\Day_03_HidingMethod.csproj", "{74B28ED1-FFF3-40BF-B467-BF033729C179}"
EndProject
Project("{FAE04EC0-301F-11D3-BF4B-00C04F79EFBC}") = "Day_03_Casting", "Day_03_Casting\Day_03_Casting.csproj", "{2CE4C332-DBD5-47B8-8983-A9FA96B9C142}"
EndProject
Project("{FAE04EC0-301F-11D3-BF4B-00C04F79EFBC}") = "Day_03_Privacy", "Day_03_Privacy\Day_03_Privacy.csproj", "{EE30DED4-93C0-48D0-BE28-20EA4DD725F3}"
EndProject
Global
	GlobalSection(SolutionConfigurationPlatforms) = preSolution
		Debug|Any CPU = Debug|Any CPU
		Release|Any CPU = Release|Any CPU
	EndGlobalSection
	GlobalSection(ProjectConfigurationPlatforms) = postSolution
		{9743B9FA-7369-470B-8A86-8ED2CE447E86}.Debug|Any CPU.ActiveCfg = Debug|Any CPU
		{9743B9FA-7369-470B-8A86-8ED2CE447E86}.Debug|Any CPU.Build.0 = Debug|Any CPU
		{9743B9FA-7369-470B-8A86-8ED2CE447E86}.Release|Any CPU.ActiveCfg = Release|Any CPU
		{9743B9FA-7369-470B-8A86-8ED2CE447E86}.Release|Any CPU.Build.0 = Release|Any CPU
		{63E19B69-EC20-41DB-AE52-67D1C24E54C9}.Debug|Any CPU.ActiveCfg = Debug|Any CPU
		{63E19B69-EC20-41DB-AE52-67D1C24E54C9}.Debug|Any CPU.Build.0 = Debug|Any CPU
		{63E19B69-EC20-41DB-AE52-67D1C24E54C9}.Release|Any CPU.ActiveCfg = Release|Any CPU
		{63E19B69-EC20-41DB-AE52-67D1C24E54C9}.Release|Any CPU.Build.0 = Release|Any CPU
		{8CAF0250-7CBD-4CE8-AE01-9236DED6B973}.Debug|Any CPU.ActiveCfg = Debug|Any CPU
		{8CAF0250-7CBD-4CE8-AE01-9236DED6B973}.Debug|Any CPU.Build.0 = Debug|Any CPU
		{8CAF0250-7CBD-4CE8-AE01-9236DED6B973}.Release|Any CPU.ActiveCfg = Release|Any CPU
		{8CAF0250-7CBD-4CE8-AE01-9236DED6B973}.Release|Any CPU.Build.0 = Release|Any CPU
		{0FA5DFCB-E560-44E5-93BA-CE40D9E54CDA}.Debug|Any CPU.ActiveCfg = Debug|Any CPU
		{0FA5DFCB-E560-44E5-93BA-CE40D9E54CDA}.Debug|Any CPU.Build.0 = Debug|Any CPU
		{0FA5DFCB-E560-44E5-93BA-CE40D9E54CDA}.Release|Any CPU.ActiveCfg = Release|Any CPU
		{0FA5DFCB-E560-44E5-93BA-CE40D9E54CDA}.Release|Any CPU.Build.0 = Release|Any CPU
		{BFC99D69-1C18-4385-AED2-7F8CE8141483}.Debug|Any CPU.ActiveCfg = Debug|Any CPU
		{BFC99D69-1C18-4385-AED2-7F8CE8141483}.Debug|Any CPU.Build.0 = Debug|Any CPU
		{BFC99D69-1C18-4385-AED2-7F8CE8141483}.Release|Any CPU.ActiveCfg = Release|Any CPU
		{BFC99D69-1C18-4385-AED2-7F8CE8141483}.Release|Any CPU.Build.0 = Release|Any CPU
		{B904162C-C003-4EE5-BAAC-8C4B870A77F9}.Debug|Any CPU.ActiveCfg = Debug|Any CPU
		{B904162C-C003-4EE5-BAAC-8C4B870A77F9}.Debug|Any CPU.Build.0 = Debug|Any CPU
		{B904162C-C003-4EE5-BAAC-8C4B870A77F9}.Release|Any CPU.ActiveCfg = Release|Any CPU
		{B904162C-C003-4EE5-BAAC-8C4B870A77F9}.Release|Any CPU.Build.0 = Release|Any CPU
		{74B28ED1-FFF3-40BF-B467-BF033729C179}.Debug|Any CPU.ActiveCfg = Debug|Any CPU
		{74B28ED1-FFF3-40BF-B467-BF033729C179}.Debug|Any CPU.Build.0 = Debug|Any CPU
		{74B28ED1-FFF3-40BF-B467-BF033729C179}.Release|Any CPU.ActiveCfg = Release|Any CPU
		{74B28ED1-FFF3-40BF-B467-BF033729C179}.Release|Any CPU.Build.0 = Release|Any CPU
		{2CE4C332-DBD5-47B8-8983-A9FA96B9C142}.Debug|Any CPU.ActiveCfg = Debug|Any CPU
		{2CE4C332-DBD5-47B8-8983-A9FA96B9C142}.Debug|Any CPU.Build.0 = Debug|Any CPU
		{2CE4C332-DBD5-47B8-8983-A9FA96B9C142}.Release|Any CPU.ActiveCfg = Release|Any CPU
		{2CE4C332-DBD5-47B8-8983-A9FA96B9C142}.Release|Any CPU.Build.0 = Release|Any CPU
		{EE30DED4-93C0-48D0-BE28-20EA4DD725F3}.Debug|Any CPU.ActiveCfg = Debug|Any CPU
		{EE30DED4-93C0-48D0-BE28-20EA4DD725F3}.Debug|Any CPU.Build.0 = Debug|Any CPU
		{EE30DED4-93C0-48D0-BE28-20EA4DD725F3}.Release|Any CPU.ActiveCfg = Release|Any CPU
		{EE30DED4-93C0-48D0-BE28-20EA4DD725F3}.Release|Any CPU.Build.0 = Release|Any CPU
	EndGlobalSection
	GlobalSection(SolutionProperties) = preSolution
		HideSolutionNode = FALSE
	EndGlobalSection
	GlobalSection(ExtensibilityGlobals) = postSolution
		SolutionGuid = {11D33F29-83C5-43E5-8B3B-DC825D55A398}
	EndGlobalSection
	GlobalSection(NestedProjects) = preSolution
		{EE30DED4-93C0-48D0-BE28-20EA4DD725F3} = {6B964D9C-B08F-4042-8A28-B5D0D5642E03}
		{2CE4C332-DBD5-47B8-8983-A9FA96B9C142} = {6B964D9C-B08F-4042-8A28-B5D0D5642E03}
		{74B28ED1-FFF3-40BF-B467-BF033729C179} = {6B964D9C-B08F-4042-8A28-B5D0D5642E03}
		{B904162C-C003-4EE5-BAAC-8C4B870A77F9} = {6B964D9C-B08F-4042-8A28-B5D0D5642E03}
		{8CAF0250-7CBD-4CE8-AE01-9236DED6B973} = {6B964D9C-B08F-4042-8A28-B5D0D5642E03}
		{BFC99D69-1C18-4385-AED2-7F8CE8141483} = {2C2D287F-AD83-4DCE-BA13-994CB6A6F5A7}
		{0FA5DFCB-E560-44E5-93BA-CE40D9E54CDA} = {2C2D287F-AD83-4DCE-BA13-994CB6A6F5A7}
		{63E19B69-EC20-41DB-AE52-67D1C24E54C9} = {2C2D287F-AD83-4DCE-BA13-994CB6A6F5A7}
		{9743B9FA-7369-470B-8A86-8ED2CE447E86} = {40EDA89F-1482-4FA9-B966-D88F0219A7EF}
	EndGlobalSection
EndGlobal
