
Microsoft Visual Studio Solution File, Format Version 12.00
# Visual Studio Version 17
VisualStudioVersion = 17.5.002.0
MinimumVisualStudioVersion = 10.0.40219.1
Project("{9A19103F-16F7-4668-BE54-9A1E7A4F7556}") = "Day_01", "Day01\Day_01\Day_01.csproj", "{9743B9FA-7369-470B-8A86-8ED2CE447E86}"
EndProject
Project("{FAE04EC0-301F-11D3-BF4B-00C04F79EFBC}") = "Day_02", "Day02\Day_02\Day_02.csproj", "{63E19B69-EC20-41DB-AE52-67D1C24E54C9}"
EndProject
Project("{FAE04EC0-301F-11D3-BF4B-00C04F79EFBC}") = "Day_03", "Day03\Day_03\Day_03.csproj", "{8CAF0250-7CBD-4CE8-AE01-9236DED6B973}"
EndProject
Project("{FAE04EC0-301F-11D3-BF4B-00C04F79EFBC}") = "Day_02_Calculator", "Day02\Day_02_Calculator\Day_02_Calculator.csproj", "{0FA5DFCB-E560-44E5-93BA-CE40D9E54CDA}"
EndProject
Project("{FAE04EC0-301F-11D3-BF4B-00C04F79EFBC}") = "Day_02_Hewani", "Day02\Day_02_Hewani\Day_02_Hewani.csproj", "{BFC99D69-1C18-4385-AED2-7F8CE8141483}"
EndProject
Project("{2150E333-8FDC-42A3-9474-1A3956D46DE8}") = "Day01", "Day01", "{40EDA89F-1482-4FA9-B966-D88F0219A7EF}"
EndProject
Project("{2150E333-8FDC-42A3-9474-1A3956D46DE8}") = "Day02", "Day02", "{2C2D287F-AD83-4DCE-BA13-994CB6A6F5A7}"
EndProject
Project("{2150E333-8FDC-42A3-9474-1A3956D46DE8}") = "Day03", "Day03", "{6B964D9C-B08F-4042-8A28-B5D0D5642E03}"
EndProject
Project("{FAE04EC0-301F-11D3-BF4B-00C04F79EFBC}") = "Day_03_overriding", "Day03\Day_03_overriding\Day_03_overriding.csproj", "{B904162C-C003-4EE5-BAAC-8C4B870A77F9}"
EndProject
Project("{FAE04EC0-301F-11D3-BF4B-00C04F79EFBC}") = "Day_03_HidingMethod", "Day03\Day_03_HidingMethod\Day_03_HidingMethod.csproj", "{74B28ED1-FFF3-40BF-B467-BF033729C179}"
EndProject
Project("{FAE04EC0-301F-11D3-BF4B-00C04F79EFBC}") = "Day_03_Casting", "Day03\Day_03_Casting\Day_03_Casting.csproj", "{2CE4C332-DBD5-47B8-8983-A9FA96B9C142}"
EndProject
Project("{FAE04EC0-301F-11D3-BF4B-00C04F79EFBC}") = "Day_03_Privacy", "Day03\Day_03_Privacy\Day_03_Privacy.csproj", "{EE30DED4-93C0-48D0-BE28-20EA4DD725F3}"
EndProject
Project("{FAE04EC0-301F-11D3-BF4B-00C04F79EFBC}") = "Day_03_TryQuiz", "Day03\Day_03_TryQuiz\Day_03_TryQuiz.csproj", "{861F03C6-C917-46E9-AE6C-414150345C62}"
EndProject
Project("{2150E333-8FDC-42A3-9474-1A3956D46DE8}") = "Day04", "Day04", "{6722FCAB-9DD6-4824-BA19-454D388CAEC5}"
EndProject
Project("{FAE04EC0-301F-11D3-BF4B-00C04F79EFBC}") = "Mandiri_Abstract", "Mandiri_Abstract\Mandiri_Abstract.csproj", "{87F5BC32-2F70-4B80-821E-6E7822F6AE5E}"
EndProject
Project("{FAE04EC0-301F-11D3-BF4B-00C04F79EFBC}") = "Day_04", "Day_04\Day_04.csproj", "{CB758943-9426-4965-A818-76461EB803BD}"
EndProject
Project("{FAE04EC0-301F-11D3-BF4B-00C04F79EFBC}") = "Day_04_Type", "Day_04_Type\Day_04_Type.csproj", "{AB2BDC93-AE49-4745-9A5C-EAE8C96E242E}"
EndProject
Project("{FAE04EC0-301F-11D3-BF4B-00C04F79EFBC}") = "Day_04_Mutable", "Day_04_Mutable\Day_04_Mutable.csproj", "{967D6517-6B52-45DE-9836-635B6102645F}"
EndProject
Project("{FAE04EC0-301F-11D3-BF4B-00C04F79EFBC}") = "Day_04_Composition", "Day_04_Composition\Day_04_Composition.csproj", "{B58CE744-AACE-46A5-BB7F-A1D7467C4755}"
EndProject
Project("{FAE04EC0-301F-11D3-BF4B-00C04F79EFBC}") = "Day_04_GetterSetter", "Day_04_GetterSetter\Day_04_GetterSetter.csproj", "{60106076-4A8A-4199-B686-CC5C8D1C108B}"
EndProject
Project("{FAE04EC0-301F-11D3-BF4B-00C04F79EFBC}") = "Day_04_ref", "Day_04_ref\Day_04_ref.csproj", "{8FA41144-2547-451A-9A35-700B4287638D}"
EndProject
Project("{FAE04EC0-301F-11D3-BF4B-00C04F79EFBC}") = "Day_04_RefOutIn", "Day_04_RefOutIn\Day_04_RefOutIn.csproj", "{20E11FEA-6A4D-4727-953E-69CA00E97EE9}"
EndProject
Project("{FAE04EC0-301F-11D3-BF4B-00C04F79EFBC}") = "Day_05", "Day_05\Day_05.csproj", "{93DAABD9-E138-4C0D-B1A6-67FC3350FC01}"
EndProject
Project("{FAE04EC0-301F-11D3-BF4B-00C04F79EFBC}") = "Day_05_Abstract#2", "Day_05_Abstract#2\Day_05_Abstract#2.csproj", "{5CDEAB02-9A7D-4B14-8081-52263EA3DFD2}"
EndProject
Project("{FAE04EC0-301F-11D3-BF4B-00C04F79EFBC}") = "Day_05_Interface", "Day_05_Interface\Day_05_Interface.csproj", "{53B0CAF8-9628-42AE-9E86-07A810CC66F5}"
EndProject
Project("{FAE04EC0-301F-11D3-BF4B-00C04F79EFBC}") = "Day_05_Static", "Day_05_Static\Day_05_Static.csproj", "{B218F852-6FAB-4048-B1A8-4AD474CC08BF}"
EndProject
Project("{FAE04EC0-301F-11D3-BF4B-00C04F79EFBC}") = "Day_06", "Day_06\Day_06.csproj", "{B3FB38DD-C39A-4036-A6F8-644D41A99CC3}"
EndProject
Project("{FAE04EC0-301F-11D3-BF4B-00C04F79EFBC}") = "Day_06_GameController", "Day_06_GameController\Day_06_GameController.csproj", "{70D8FBF7-FD9A-4518-A9BF-D98D25CBCEB4}"
EndProject
Project("{FAE04EC0-301F-11D3-BF4B-00C04F79EFBC}") = "Day_06_CardGame", "Day_06_CardGame\Day_06_CardGame.csproj", "{0A7FA6CF-C117-4E89-BE64-EFC0DBD1416D}"
EndProject
Project("{FAE04EC0-301F-11D3-BF4B-00C04F79EFBC}") = "Day_06_Generic", "Day_06_Generic\Day_06_Generic.csproj", "{FD3F0B7A-1487-4F0C-B9D9-9EEDAC36046B}"
EndProject
Project("{FAE04EC0-301F-11D3-BF4B-00C04F79EFBC}") = "Day_06_Extention", "Day_06_Exention\Day_06_Extention.csproj", "{EBBCD9BE-13A8-4DB6-BE00-8A183DBED8ED}"
EndProject
Project("{FAE04EC0-301F-11D3-BF4B-00C04F79EFBC}") = "Day_06_Delegate", "Day_06_Delegate\Day_06_Delegate.csproj", "{F5C44C4F-D706-488B-ACF1-C328C70B4AFE}"
EndProject
Project("{FAE04EC0-301F-11D3-BF4B-00C04F79EFBC}") = "Day_06_DelegateExtreme", "Day_06_DelegateExtreme\Day_06_DelegateExtreme.csproj", "{1EA3FB2A-829E-43AA-B8BF-DC9280BDECE8}"
EndProject
Global
	GlobalSection(SolutionConfigurationPlatforms) = preSolution
		Debug|Any CPU = Debug|Any CPU
		Release|Any CPU = Release|Any CPU
	EndGlobalSection
	GlobalSection(ProjectConfigurationPlatforms) = postSolution
		{9743B9FA-7369-470B-8A86-8ED2CE447E86}.Debug|Any CPU.ActiveCfg = Debug|Any CPU
		{9743B9FA-7369-470B-8A86-8ED2CE447E86}.Debug|Any CPU.Build.0 = Debug|Any CPU
		{9743B9FA-7369-470B-8A86-8ED2CE447E86}.Release|Any CPU.ActiveCfg = Release|Any CPU
		{9743B9FA-7369-470B-8A86-8ED2CE447E86}.Release|Any CPU.Build.0 = Release|Any CPU
		{63E19B69-EC20-41DB-AE52-67D1C24E54C9}.Debug|Any CPU.ActiveCfg = Debug|Any CPU
		{63E19B69-EC20-41DB-AE52-67D1C24E54C9}.Debug|Any CPU.Build.0 = Debug|Any CPU
		{63E19B69-EC20-41DB-AE52-67D1C24E54C9}.Release|Any CPU.ActiveCfg = Release|Any CPU
		{63E19B69-EC20-41DB-AE52-67D1C24E54C9}.Release|Any CPU.Build.0 = Release|Any CPU
		{8CAF0250-7CBD-4CE8-AE01-9236DED6B973}.Debug|Any CPU.ActiveCfg = Debug|Any CPU
		{8CAF0250-7CBD-4CE8-AE01-9236DED6B973}.Debug|Any CPU.Build.0 = Debug|Any CPU
		{8CAF0250-7CBD-4CE8-AE01-9236DED6B973}.Release|Any CPU.ActiveCfg = Release|Any CPU
		{8CAF0250-7CBD-4CE8-AE01-9236DED6B973}.Release|Any CPU.Build.0 = Release|Any CPU
		{0FA5DFCB-E560-44E5-93BA-CE40D9E54CDA}.Debug|Any CPU.ActiveCfg = Debug|Any CPU
		{0FA5DFCB-E560-44E5-93BA-CE40D9E54CDA}.Debug|Any CPU.Build.0 = Debug|Any CPU
		{0FA5DFCB-E560-44E5-93BA-CE40D9E54CDA}.Release|Any CPU.ActiveCfg = Release|Any CPU
		{0FA5DFCB-E560-44E5-93BA-CE40D9E54CDA}.Release|Any CPU.Build.0 = Release|Any CPU
		{BFC99D69-1C18-4385-AED2-7F8CE8141483}.Debug|Any CPU.ActiveCfg = Debug|Any CPU
		{BFC99D69-1C18-4385-AED2-7F8CE8141483}.Debug|Any CPU.Build.0 = Debug|Any CPU
		{BFC99D69-1C18-4385-AED2-7F8CE8141483}.Release|Any CPU.ActiveCfg = Release|Any CPU
		{BFC99D69-1C18-4385-AED2-7F8CE8141483}.Release|Any CPU.Build.0 = Release|Any CPU
		{B904162C-C003-4EE5-BAAC-8C4B870A77F9}.Debug|Any CPU.ActiveCfg = Debug|Any CPU
		{B904162C-C003-4EE5-BAAC-8C4B870A77F9}.Debug|Any CPU.Build.0 = Debug|Any CPU
		{B904162C-C003-4EE5-BAAC-8C4B870A77F9}.Release|Any CPU.ActiveCfg = Release|Any CPU
		{B904162C-C003-4EE5-BAAC-8C4B870A77F9}.Release|Any CPU.Build.0 = Release|Any CPU
		{74B28ED1-FFF3-40BF-B467-BF033729C179}.Debug|Any CPU.ActiveCfg = Debug|Any CPU
		{74B28ED1-FFF3-40BF-B467-BF033729C179}.Debug|Any CPU.Build.0 = Debug|Any CPU
		{74B28ED1-FFF3-40BF-B467-BF033729C179}.Release|Any CPU.ActiveCfg = Release|Any CPU
		{74B28ED1-FFF3-40BF-B467-BF033729C179}.Release|Any CPU.Build.0 = Release|Any CPU
		{2CE4C332-DBD5-47B8-8983-A9FA96B9C142}.Debug|Any CPU.ActiveCfg = Debug|Any CPU
		{2CE4C332-DBD5-47B8-8983-A9FA96B9C142}.Debug|Any CPU.Build.0 = Debug|Any CPU
		{2CE4C332-DBD5-47B8-8983-A9FA96B9C142}.Release|Any CPU.ActiveCfg = Release|Any CPU
		{2CE4C332-DBD5-47B8-8983-A9FA96B9C142}.Release|Any CPU.Build.0 = Release|Any CPU
		{EE30DED4-93C0-48D0-BE28-20EA4DD725F3}.Debug|Any CPU.ActiveCfg = Debug|Any CPU
		{EE30DED4-93C0-48D0-BE28-20EA4DD725F3}.Debug|Any CPU.Build.0 = Debug|Any CPU
		{EE30DED4-93C0-48D0-BE28-20EA4DD725F3}.Release|Any CPU.ActiveCfg = Release|Any CPU
		{EE30DED4-93C0-48D0-BE28-20EA4DD725F3}.Release|Any CPU.Build.0 = Release|Any CPU
		{861F03C6-C917-46E9-AE6C-414150345C62}.Debug|Any CPU.ActiveCfg = Debug|Any CPU
		{861F03C6-C917-46E9-AE6C-414150345C62}.Debug|Any CPU.Build.0 = Debug|Any CPU
		{861F03C6-C917-46E9-AE6C-414150345C62}.Release|Any CPU.ActiveCfg = Release|Any CPU
		{861F03C6-C917-46E9-AE6C-414150345C62}.Release|Any CPU.Build.0 = Release|Any CPU
		{87F5BC32-2F70-4B80-821E-6E7822F6AE5E}.Debug|Any CPU.ActiveCfg = Debug|Any CPU
		{87F5BC32-2F70-4B80-821E-6E7822F6AE5E}.Debug|Any CPU.Build.0 = Debug|Any CPU
		{87F5BC32-2F70-4B80-821E-6E7822F6AE5E}.Release|Any CPU.ActiveCfg = Release|Any CPU
		{87F5BC32-2F70-4B80-821E-6E7822F6AE5E}.Release|Any CPU.Build.0 = Release|Any CPU
		{CB758943-9426-4965-A818-76461EB803BD}.Debug|Any CPU.ActiveCfg = Debug|Any CPU
		{CB758943-9426-4965-A818-76461EB803BD}.Debug|Any CPU.Build.0 = Debug|Any CPU
		{CB758943-9426-4965-A818-76461EB803BD}.Release|Any CPU.ActiveCfg = Release|Any CPU
		{CB758943-9426-4965-A818-76461EB803BD}.Release|Any CPU.Build.0 = Release|Any CPU
		{AB2BDC93-AE49-4745-9A5C-EAE8C96E242E}.Debug|Any CPU.ActiveCfg = Debug|Any CPU
		{AB2BDC93-AE49-4745-9A5C-EAE8C96E242E}.Debug|Any CPU.Build.0 = Debug|Any CPU
		{AB2BDC93-AE49-4745-9A5C-EAE8C96E242E}.Release|Any CPU.ActiveCfg = Release|Any CPU
		{AB2BDC93-AE49-4745-9A5C-EAE8C96E242E}.Release|Any CPU.Build.0 = Release|Any CPU
		{967D6517-6B52-45DE-9836-635B6102645F}.Debug|Any CPU.ActiveCfg = Debug|Any CPU
		{967D6517-6B52-45DE-9836-635B6102645F}.Debug|Any CPU.Build.0 = Debug|Any CPU
		{967D6517-6B52-45DE-9836-635B6102645F}.Release|Any CPU.ActiveCfg = Release|Any CPU
		{967D6517-6B52-45DE-9836-635B6102645F}.Release|Any CPU.Build.0 = Release|Any CPU
		{B58CE744-AACE-46A5-BB7F-A1D7467C4755}.Debug|Any CPU.ActiveCfg = Debug|Any CPU
		{B58CE744-AACE-46A5-BB7F-A1D7467C4755}.Debug|Any CPU.Build.0 = Debug|Any CPU
		{B58CE744-AACE-46A5-BB7F-A1D7467C4755}.Release|Any CPU.ActiveCfg = Release|Any CPU
		{B58CE744-AACE-46A5-BB7F-A1D7467C4755}.Release|Any CPU.Build.0 = Release|Any CPU
		{60106076-4A8A-4199-B686-CC5C8D1C108B}.Debug|Any CPU.ActiveCfg = Debug|Any CPU
		{60106076-4A8A-4199-B686-CC5C8D1C108B}.Debug|Any CPU.Build.0 = Debug|Any CPU
		{60106076-4A8A-4199-B686-CC5C8D1C108B}.Release|Any CPU.ActiveCfg = Release|Any CPU
		{60106076-4A8A-4199-B686-CC5C8D1C108B}.Release|Any CPU.Build.0 = Release|Any CPU
		{8FA41144-2547-451A-9A35-700B4287638D}.Debug|Any CPU.ActiveCfg = Debug|Any CPU
		{8FA41144-2547-451A-9A35-700B4287638D}.Debug|Any CPU.Build.0 = Debug|Any CPU
		{8FA41144-2547-451A-9A35-700B4287638D}.Release|Any CPU.ActiveCfg = Release|Any CPU
		{8FA41144-2547-451A-9A35-700B4287638D}.Release|Any CPU.Build.0 = Release|Any CPU
		{20E11FEA-6A4D-4727-953E-69CA00E97EE9}.Debug|Any CPU.ActiveCfg = Debug|Any CPU
		{20E11FEA-6A4D-4727-953E-69CA00E97EE9}.Debug|Any CPU.Build.0 = Debug|Any CPU
		{20E11FEA-6A4D-4727-953E-69CA00E97EE9}.Release|Any CPU.ActiveCfg = Release|Any CPU
		{20E11FEA-6A4D-4727-953E-69CA00E97EE9}.Release|Any CPU.Build.0 = Release|Any CPU
		{93DAABD9-E138-4C0D-B1A6-67FC3350FC01}.Debug|Any CPU.ActiveCfg = Debug|Any CPU
		{93DAABD9-E138-4C0D-B1A6-67FC3350FC01}.Debug|Any CPU.Build.0 = Debug|Any CPU
		{93DAABD9-E138-4C0D-B1A6-67FC3350FC01}.Release|Any CPU.ActiveCfg = Release|Any CPU
		{93DAABD9-E138-4C0D-B1A6-67FC3350FC01}.Release|Any CPU.Build.0 = Release|Any CPU
		{5CDEAB02-9A7D-4B14-8081-52263EA3DFD2}.Debug|Any CPU.ActiveCfg = Debug|Any CPU
		{5CDEAB02-9A7D-4B14-8081-52263EA3DFD2}.Debug|Any CPU.Build.0 = Debug|Any CPU
		{5CDEAB02-9A7D-4B14-8081-52263EA3DFD2}.Release|Any CPU.ActiveCfg = Release|Any CPU
		{5CDEAB02-9A7D-4B14-8081-52263EA3DFD2}.Release|Any CPU.Build.0 = Release|Any CPU
		{53B0CAF8-9628-42AE-9E86-07A810CC66F5}.Debug|Any CPU.ActiveCfg = Debug|Any CPU
		{53B0CAF8-9628-42AE-9E86-07A810CC66F5}.Debug|Any CPU.Build.0 = Debug|Any CPU
		{53B0CAF8-9628-42AE-9E86-07A810CC66F5}.Release|Any CPU.ActiveCfg = Release|Any CPU
		{53B0CAF8-9628-42AE-9E86-07A810CC66F5}.Release|Any CPU.Build.0 = Release|Any CPU
		{B218F852-6FAB-4048-B1A8-4AD474CC08BF}.Debug|Any CPU.ActiveCfg = Debug|Any CPU
		{B218F852-6FAB-4048-B1A8-4AD474CC08BF}.Debug|Any CPU.Build.0 = Debug|Any CPU
		{B218F852-6FAB-4048-B1A8-4AD474CC08BF}.Release|Any CPU.ActiveCfg = Release|Any CPU
		{B218F852-6FAB-4048-B1A8-4AD474CC08BF}.Release|Any CPU.Build.0 = Release|Any CPU
		{B3FB38DD-C39A-4036-A6F8-644D41A99CC3}.Debug|Any CPU.ActiveCfg = Debug|Any CPU
		{B3FB38DD-C39A-4036-A6F8-644D41A99CC3}.Debug|Any CPU.Build.0 = Debug|Any CPU
		{B3FB38DD-C39A-4036-A6F8-644D41A99CC3}.Release|Any CPU.ActiveCfg = Release|Any CPU
		{B3FB38DD-C39A-4036-A6F8-644D41A99CC3}.Release|Any CPU.Build.0 = Release|Any CPU
		{70D8FBF7-FD9A-4518-A9BF-D98D25CBCEB4}.Debug|Any CPU.ActiveCfg = Debug|Any CPU
		{70D8FBF7-FD9A-4518-A9BF-D98D25CBCEB4}.Debug|Any CPU.Build.0 = Debug|Any CPU
		{70D8FBF7-FD9A-4518-A9BF-D98D25CBCEB4}.Release|Any CPU.ActiveCfg = Release|Any CPU
		{70D8FBF7-FD9A-4518-A9BF-D98D25CBCEB4}.Release|Any CPU.Build.0 = Release|Any CPU
		{0A7FA6CF-C117-4E89-BE64-EFC0DBD1416D}.Debug|Any CPU.ActiveCfg = Debug|Any CPU
		{0A7FA6CF-C117-4E89-BE64-EFC0DBD1416D}.Debug|Any CPU.Build.0 = Debug|Any CPU
		{0A7FA6CF-C117-4E89-BE64-EFC0DBD1416D}.Release|Any CPU.ActiveCfg = Release|Any CPU
		{0A7FA6CF-C117-4E89-BE64-EFC0DBD1416D}.Release|Any CPU.Build.0 = Release|Any CPU
		{FD3F0B7A-1487-4F0C-B9D9-9EEDAC36046B}.Debug|Any CPU.ActiveCfg = Debug|Any CPU
		{FD3F0B7A-1487-4F0C-B9D9-9EEDAC36046B}.Debug|Any CPU.Build.0 = Debug|Any CPU
		{FD3F0B7A-1487-4F0C-B9D9-9EEDAC36046B}.Release|Any CPU.ActiveCfg = Release|Any CPU
		{FD3F0B7A-1487-4F0C-B9D9-9EEDAC36046B}.Release|Any CPU.Build.0 = Release|Any CPU
		{EBBCD9BE-13A8-4DB6-BE00-8A183DBED8ED}.Debug|Any CPU.ActiveCfg = Debug|Any CPU
		{EBBCD9BE-13A8-4DB6-BE00-8A183DBED8ED}.Debug|Any CPU.Build.0 = Debug|Any CPU
		{EBBCD9BE-13A8-4DB6-BE00-8A183DBED8ED}.Release|Any CPU.ActiveCfg = Release|Any CPU
		{EBBCD9BE-13A8-4DB6-BE00-8A183DBED8ED}.Release|Any CPU.Build.0 = Release|Any CPU
		{F5C44C4F-D706-488B-ACF1-C328C70B4AFE}.Debug|Any CPU.ActiveCfg = Debug|Any CPU
		{F5C44C4F-D706-488B-ACF1-C328C70B4AFE}.Debug|Any CPU.Build.0 = Debug|Any CPU
		{F5C44C4F-D706-488B-ACF1-C328C70B4AFE}.Release|Any CPU.ActiveCfg = Release|Any CPU
		{F5C44C4F-D706-488B-ACF1-C328C70B4AFE}.Release|Any CPU.Build.0 = Release|Any CPU
		{1EA3FB2A-829E-43AA-B8BF-DC9280BDECE8}.Debug|Any CPU.ActiveCfg = Debug|Any CPU
		{1EA3FB2A-829E-43AA-B8BF-DC9280BDECE8}.Debug|Any CPU.Build.0 = Debug|Any CPU
		{1EA3FB2A-829E-43AA-B8BF-DC9280BDECE8}.Release|Any CPU.ActiveCfg = Release|Any CPU
		{1EA3FB2A-829E-43AA-B8BF-DC9280BDECE8}.Release|Any CPU.Build.0 = Release|Any CPU
	EndGlobalSection
	GlobalSection(SolutionProperties) = preSolution
		HideSolutionNode = FALSE
	EndGlobalSection
	GlobalSection(ExtensibilityGlobals) = postSolution
		SolutionGuid = {11D33F29-83C5-43E5-8B3B-DC825D55A398}
	EndGlobalSection
	GlobalSection(NestedProjects) = preSolution
		{861F03C6-C917-46E9-AE6C-414150345C62} = {6B964D9C-B08F-4042-8A28-B5D0D5642E03}
		{EE30DED4-93C0-48D0-BE28-20EA4DD725F3} = {6B964D9C-B08F-4042-8A28-B5D0D5642E03}
		{2CE4C332-DBD5-47B8-8983-A9FA96B9C142} = {6B964D9C-B08F-4042-8A28-B5D0D5642E03}
		{74B28ED1-FFF3-40BF-B467-BF033729C179} = {6B964D9C-B08F-4042-8A28-B5D0D5642E03}
		{B904162C-C003-4EE5-BAAC-8C4B870A77F9} = {6B964D9C-B08F-4042-8A28-B5D0D5642E03}
		{8CAF0250-7CBD-4CE8-AE01-9236DED6B973} = {6B964D9C-B08F-4042-8A28-B5D0D5642E03}
		{BFC99D69-1C18-4385-AED2-7F8CE8141483} = {2C2D287F-AD83-4DCE-BA13-994CB6A6F5A7}
		{0FA5DFCB-E560-44E5-93BA-CE40D9E54CDA} = {2C2D287F-AD83-4DCE-BA13-994CB6A6F5A7}
		{63E19B69-EC20-41DB-AE52-67D1C24E54C9} = {2C2D287F-AD83-4DCE-BA13-994CB6A6F5A7}
		{9743B9FA-7369-470B-8A86-8ED2CE447E86} = {40EDA89F-1482-4FA9-B966-D88F0219A7EF}
	EndGlobalSection
EndGlobal
