
Microsoft Visual Studio Solution File, Format Version 12.00
# Visual Studio Version 17
VisualStudioVersion = 17.5.002.0
MinimumVisualStudioVersion = 10.0.40219.1
Project("{9A19103F-16F7-4668-BE54-9A1E7A4F7556}") = "Day_01", "Day_01\Day_01.csproj", "{9743B9FA-7369-470B-8A86-8ED2CE447E86}"
EndProject
Project("{FAE04EC0-301F-11D3-BF4B-00C04F79EFBC}") = "Day_02", "Day_02\Day_02.csproj", "{63E19B69-EC20-41DB-AE52-67D1C24E54C9}"
EndProject
Project("{FAE04EC0-301F-11D3-BF4B-00C04F79EFBC}") = "Day_03", "Day_03\Day_03.csproj", "{8CAF0250-7CBD-4CE8-AE01-9236DED6B973}"
EndProject
Project("{FAE04EC0-301F-11D3-BF4B-00C04F79EFBC}") = "Day_02_Calculator", "Day_02_Calculator\Day_02_Calculator.csproj", "{0FA5DFCB-E560-44E5-93BA-CE40D9E54CDA}"
EndProject
Project("{FAE04EC0-301F-11D3-BF4B-00C04F79EFBC}") = "Day_02_Hewani", "Day_02_Hewani\Day_02_Hewani.csproj", "{BFC99D69-1C18-4385-AED2-7F8CE8141483}"
EndProject
Global
	GlobalSection(SolutionConfigurationPlatforms) = preSolution
		Debug|Any CPU = Debug|Any CPU
		Release|Any CPU = Release|Any CPU
	EndGlobalSection
	GlobalSection(ProjectConfigurationPlatforms) = postSolution
		{9743B9FA-7369-470B-8A86-8ED2CE447E86}.Debug|Any CPU.ActiveCfg = Debug|Any CPU
		{9743B9FA-7369-470B-8A86-8ED2CE447E86}.Debug|Any CPU.Build.0 = Debug|Any CPU
		{9743B9FA-7369-470B-8A86-8ED2CE447E86}.Release|Any CPU.ActiveCfg = Release|Any CPU
		{9743B9FA-7369-470B-8A86-8ED2CE447E86}.Release|Any CPU.Build.0 = Release|Any CPU
		{63E19B69-EC20-41DB-AE52-67D1C24E54C9}.Debug|Any CPU.ActiveCfg = Debug|Any CPU
		{63E19B69-EC20-41DB-AE52-67D1C24E54C9}.Debug|Any CPU.Build.0 = Debug|Any CPU
		{63E19B69-EC20-41DB-AE52-67D1C24E54C9}.Release|Any CPU.ActiveCfg = Release|Any CPU
		{63E19B69-EC20-41DB-AE52-67D1C24E54C9}.Release|Any CPU.Build.0 = Release|Any CPU
		{8CAF0250-7CBD-4CE8-AE01-9236DED6B973}.Debug|Any CPU.ActiveCfg = Debug|Any CPU
		{8CAF0250-7CBD-4CE8-AE01-9236DED6B973}.Debug|Any CPU.Build.0 = Debug|Any CPU
		{8CAF0250-7CBD-4CE8-AE01-9236DED6B973}.Release|Any CPU.ActiveCfg = Release|Any CPU
		{8CAF0250-7CBD-4CE8-AE01-9236DED6B973}.Release|Any CPU.Build.0 = Release|Any CPU
		{0FA5DFCB-E560-44E5-93BA-CE40D9E54CDA}.Debug|Any CPU.ActiveCfg = Debug|Any CPU
		{0FA5DFCB-E560-44E5-93BA-CE40D9E54CDA}.Debug|Any CPU.Build.0 = Debug|Any CPU
		{0FA5DFCB-E560-44E5-93BA-CE40D9E54CDA}.Release|Any CPU.ActiveCfg = Release|Any CPU
		{0FA5DFCB-E560-44E5-93BA-CE40D9E54CDA}.Release|Any CPU.Build.0 = Release|Any CPU
		{BFC99D69-1C18-4385-AED2-7F8CE8141483}.Debug|Any CPU.ActiveCfg = Debug|Any CPU
		{BFC99D69-1C18-4385-AED2-7F8CE8141483}.Debug|Any CPU.Build.0 = Debug|Any CPU
		{BFC99D69-1C18-4385-AED2-7F8CE8141483}.Release|Any CPU.ActiveCfg = Release|Any CPU
		{BFC99D69-1C18-4385-AED2-7F8CE8141483}.Release|Any CPU.Build.0 = Release|Any CPU
	EndGlobalSection
	GlobalSection(SolutionProperties) = preSolution
		HideSolutionNode = FALSE
	EndGlobalSection
	GlobalSection(ExtensibilityGlobals) = postSolution
		SolutionGuid = {11D33F29-83C5-43E5-8B3B-DC825D55A398}
	EndGlobalSection
EndGlobal
